
Microsoft Visual Studio Solution File, Format Version 12.00
# Visual Studio Version 16
VisualStudioVersion = 16.0.31105.61
MinimumVisualStudioVersion = 10.0.40219.1
Project("{9A19103F-16F7-4668-BE54-9A1E7A4F7556}") = "Lemondo.Api", "Lemondo\Lemondo.Api.csproj", "{9F31DF15-7C1E-4529-82EF-9F0BE4071271}"
EndProject
Project("{9A19103F-16F7-4668-BE54-9A1E7A4F7556}") = "Lemondo.UI", "Lemondo.UI\Lemondo.UI.csproj", "{FEF1CDDA-CF1D-4A1C-838E-A356155613E5}"
EndProject
Project("{2150E333-8FDC-42A3-9474-1A3956D46DE8}") = "APP", "APP", "{73460396-2F7E-41C8-8181-E5EE1FF4EE5C}"
EndProject
Project("{2150E333-8FDC-42A3-9474-1A3956D46DE8}") = "Core", "Core", "{9AE9B787-98B7-472A-BE2B-15F1BC62EE58}"
EndProject
Project("{2150E333-8FDC-42A3-9474-1A3956D46DE8}") = "Infrastructure", "Infrastructure", "{A04DECF1-D66D-4336-8A40-48882BCE9D29}"
EndProject
Project("{FAE04EC0-301F-11D3-BF4B-00C04F79EFBC}") = "Lemondo.Core.Models", "Lemondo.Core.Models\Lemondo.Core.Models.csproj", "{00BE60E3-4089-4962-8C91-DBB120CD968E}"
EndProject
Project("{FAE04EC0-301F-11D3-BF4B-00C04F79EFBC}") = "Lemondo.Core.Repositories", "Lemondo.Core.Repositories\Lemondo.Core.Repositories.csproj", "{1BB13FBF-47A7-479E-81A0-B1AEDC14CC48}"
EndProject
Project("{FAE04EC0-301F-11D3-BF4B-00C04F79EFBC}") = "Lemondo.Core.Services", "Lemondo.Core.Services\Lemondo.Core.Services.csproj", "{58757E01-CA74-4EE3-B238-32A455921D3A}"
EndProject
Project("{FAE04EC0-301F-11D3-BF4B-00C04F79EFBC}") = "Lemondo.Infrastructure.Mappers", "Lemondo.Infrastructure.Mappers\Lemondo.Infrastructure.Mappers.csproj", "{5E1921E6-654A-443F-9912-EAE20CB91C8F}"
EndProject
Project("{FAE04EC0-301F-11D3-BF4B-00C04F79EFBC}") = "Lemondo.Infrastructure.Repositories", "Lemondo.Infrastructure.Repositories\Lemondo.Infrastructure.Repositories.csproj", "{05154899-0E34-4836-938B-44312CFE991F}"
EndProject
Project("{FAE04EC0-301F-11D3-BF4B-00C04F79EFBC}") = "Lemondo.Infrastructure.Store", "Lemondo.Infrastructure.Store\Lemondo.Infrastructure.Store.csproj", "{34C97D38-FB34-499C-9046-4A4D0482767A}"
EndProject
Global
	GlobalSection(SolutionConfigurationPlatforms) = preSolution
		Debug|Any CPU = Debug|Any CPU
		Release|Any CPU = Release|Any CPU
	EndGlobalSection
	GlobalSection(ProjectConfigurationPlatforms) = postSolution
		{9F31DF15-7C1E-4529-82EF-9F0BE4071271}.Debug|Any CPU.ActiveCfg = Debug|Any CPU
		{9F31DF15-7C1E-4529-82EF-9F0BE4071271}.Debug|Any CPU.Build.0 = Debug|Any CPU
		{9F31DF15-7C1E-4529-82EF-9F0BE4071271}.Release|Any CPU.ActiveCfg = Release|Any CPU
		{9F31DF15-7C1E-4529-82EF-9F0BE4071271}.Release|Any CPU.Build.0 = Release|Any CPU
		{FEF1CDDA-CF1D-4A1C-838E-A356155613E5}.Debug|Any CPU.ActiveCfg = Debug|Any CPU
		{FEF1CDDA-CF1D-4A1C-838E-A356155613E5}.Debug|Any CPU.Build.0 = Debug|Any CPU
		{FEF1CDDA-CF1D-4A1C-838E-A356155613E5}.Release|Any CPU.ActiveCfg = Release|Any CPU
		{FEF1CDDA-CF1D-4A1C-838E-A356155613E5}.Release|Any CPU.Build.0 = Release|Any CPU
		{00BE60E3-4089-4962-8C91-DBB120CD968E}.Debug|Any CPU.ActiveCfg = Debug|Any CPU
		{00BE60E3-4089-4962-8C91-DBB120CD968E}.Debug|Any CPU.Build.0 = Debug|Any CPU
		{00BE60E3-4089-4962-8C91-DBB120CD968E}.Release|Any CPU.ActiveCfg = Release|Any CPU
		{00BE60E3-4089-4962-8C91-DBB120CD968E}.Release|Any CPU.Build.0 = Release|Any CPU
		{1BB13FBF-47A7-479E-81A0-B1AEDC14CC48}.Debug|Any CPU.ActiveCfg = Debug|Any CPU
		{1BB13FBF-47A7-479E-81A0-B1AEDC14CC48}.Debug|Any CPU.Build.0 = Debug|Any CPU
		{1BB13FBF-47A7-479E-81A0-B1AEDC14CC48}.Release|Any CPU.ActiveCfg = Release|Any CPU
		{1BB13FBF-47A7-479E-81A0-B1AEDC14CC48}.Release|Any CPU.Build.0 = Release|Any CPU
		{58757E01-CA74-4EE3-B238-32A455921D3A}.Debug|Any CPU.ActiveCfg = Debug|Any CPU
		{58757E01-CA74-4EE3-B238-32A455921D3A}.Debug|Any CPU.Build.0 = Debug|Any CPU
		{58757E01-CA74-4EE3-B238-32A455921D3A}.Release|Any CPU.ActiveCfg = Release|Any CPU
		{58757E01-CA74-4EE3-B238-32A455921D3A}.Release|Any CPU.Build.0 = Release|Any CPU
		{5E1921E6-654A-443F-9912-EAE20CB91C8F}.Debug|Any CPU.ActiveCfg = Debug|Any CPU
		{5E1921E6-654A-443F-9912-EAE20CB91C8F}.Debug|Any CPU.Build.0 = Debug|Any CPU
		{5E1921E6-654A-443F-9912-EAE20CB91C8F}.Release|Any CPU.ActiveCfg = Release|Any CPU
		{5E1921E6-654A-443F-9912-EAE20CB91C8F}.Release|Any CPU.Build.0 = Release|Any CPU
		{05154899-0E34-4836-938B-44312CFE991F}.Debug|Any CPU.ActiveCfg = Debug|Any CPU
		{05154899-0E34-4836-938B-44312CFE991F}.Debug|Any CPU.Build.0 = Debug|Any CPU
		{05154899-0E34-4836-938B-44312CFE991F}.Release|Any CPU.ActiveCfg = Release|Any CPU
		{05154899-0E34-4836-938B-44312CFE991F}.Release|Any CPU.Build.0 = Release|Any CPU
		{34C97D38-FB34-499C-9046-4A4D0482767A}.Debug|Any CPU.ActiveCfg = Debug|Any CPU
		{34C97D38-FB34-499C-9046-4A4D0482767A}.Debug|Any CPU.Build.0 = Debug|Any CPU
		{34C97D38-FB34-499C-9046-4A4D0482767A}.Release|Any CPU.ActiveCfg = Release|Any CPU
		{34C97D38-FB34-499C-9046-4A4D0482767A}.Release|Any CPU.Build.0 = Release|Any CPU
	EndGlobalSection
	GlobalSection(SolutionProperties) = preSolution
		HideSolutionNode = FALSE
	EndGlobalSection
	GlobalSection(NestedProjects) = preSolution
		{9F31DF15-7C1E-4529-82EF-9F0BE4071271} = {73460396-2F7E-41C8-8181-E5EE1FF4EE5C}
		{FEF1CDDA-CF1D-4A1C-838E-A356155613E5} = {73460396-2F7E-41C8-8181-E5EE1FF4EE5C}
		{00BE60E3-4089-4962-8C91-DBB120CD968E} = {9AE9B787-98B7-472A-BE2B-15F1BC62EE58}
		{1BB13FBF-47A7-479E-81A0-B1AEDC14CC48} = {9AE9B787-98B7-472A-BE2B-15F1BC62EE58}
		{58757E01-CA74-4EE3-B238-32A455921D3A} = {9AE9B787-98B7-472A-BE2B-15F1BC62EE58}
		{5E1921E6-654A-443F-9912-EAE20CB91C8F} = {A04DECF1-D66D-4336-8A40-48882BCE9D29}
		{05154899-0E34-4836-938B-44312CFE991F} = {A04DECF1-D66D-4336-8A40-48882BCE9D29}
		{34C97D38-FB34-499C-9046-4A4D0482767A} = {A04DECF1-D66D-4336-8A40-48882BCE9D29}
	EndGlobalSection
	GlobalSection(ExtensibilityGlobals) = postSolution
		SolutionGuid = {3A24F61A-69F7-418E-BDC4-ACA0D61F8F7E}
	EndGlobalSection
EndGlobal
