
Microsoft Visual Studio Solution File, Format Version 12.00
# Visual Studio Version 16
VisualStudioVersion = 16.0.31105.61
MinimumVisualStudioVersion = 10.0.40219.1
Project("{FAE04EC0-301F-11D3-BF4B-00C04F79EFBC}") = "Lemondo", "Lemondo\Lemondo.csproj", "{9F31DF15-7C1E-4529-82EF-9F0BE4071271}"
EndProject
Project("{FAE04EC0-301F-11D3-BF4B-00C04F79EFBC}") = "CRUD_DAL", "CRUD_DAL\CRUD_DAL.csproj", "{9CF67772-6BD4-460E-AA9C-C8B40D72995A}"
EndProject
Project("{FAE04EC0-301F-11D3-BF4B-00C04F79EFBC}") = "CRUD_BAL", "CRUD_BAL\CRUD_BAL.csproj", "{7E5CC6D0-818F-42E1-8A80-1336BD0276A5}"
EndProject
Global
	GlobalSection(SolutionConfigurationPlatforms) = preSolution
		Debug|Any CPU = Debug|Any CPU
		Release|Any CPU = Release|Any CPU
	EndGlobalSection
	GlobalSection(ProjectConfigurationPlatforms) = postSolution
		{9F31DF15-7C1E-4529-82EF-9F0BE4071271}.Debug|Any CPU.ActiveCfg = Debug|Any CPU
		{9F31DF15-7C1E-4529-82EF-9F0BE4071271}.Debug|Any CPU.Build.0 = Debug|Any CPU
		{9F31DF15-7C1E-4529-82EF-9F0BE4071271}.Release|Any CPU.ActiveCfg = Release|Any CPU
		{9F31DF15-7C1E-4529-82EF-9F0BE4071271}.Release|Any CPU.Build.0 = Release|Any CPU
		{9CF67772-6BD4-460E-AA9C-C8B40D72995A}.Debug|Any CPU.ActiveCfg = Debug|Any CPU
		{9CF67772-6BD4-460E-AA9C-C8B40D72995A}.Debug|Any CPU.Build.0 = Debug|Any CPU
		{9CF67772-6BD4-460E-AA9C-C8B40D72995A}.Release|Any CPU.ActiveCfg = Release|Any CPU
		{9CF67772-6BD4-460E-AA9C-C8B40D72995A}.Release|Any CPU.Build.0 = Release|Any CPU
		{7E5CC6D0-818F-42E1-8A80-1336BD0276A5}.Debug|Any CPU.ActiveCfg = Debug|Any CPU
		{7E5CC6D0-818F-42E1-8A80-1336BD0276A5}.Debug|Any CPU.Build.0 = Debug|Any CPU
		{7E5CC6D0-818F-42E1-8A80-1336BD0276A5}.Release|Any CPU.ActiveCfg = Release|Any CPU
		{7E5CC6D0-818F-42E1-8A80-1336BD0276A5}.Release|Any CPU.Build.0 = Release|Any CPU
	EndGlobalSection
	GlobalSection(SolutionProperties) = preSolution
		HideSolutionNode = FALSE
	EndGlobalSection
	GlobalSection(ExtensibilityGlobals) = postSolution
		SolutionGuid = {3A24F61A-69F7-418E-BDC4-ACA0D61F8F7E}
	EndGlobalSection
EndGlobal
